
Microsoft Visual Studio Solution File, Format Version 12.00
# Visual Studio Version 17
VisualStudioVersion = 17.8.34525.116
MinimumVisualStudioVersion = 10.0.40219.1
Project("{FAE04EC0-301F-11D3-BF4B-00C04F79EFBC}") = "DataverseAIFunctions", "DataverseAIFunctions\DataverseAIFunctions.csproj", "{1B72382A-2F43-4CC5-9D17-B77E82052295}"
EndProject
Global
	GlobalSection(SolutionConfigurationPlatforms) = preSolution
		Debug|Any CPU = Debug|Any CPU
		Release|Any CPU = Release|Any CPU
	EndGlobalSection
	GlobalSection(ProjectConfigurationPlatforms) = postSolution
		{1B72382A-2F43-4CC5-9D17-B77E82052295}.Debug|Any CPU.ActiveCfg = Debug|Any CPU
		{1B72382A-2F43-4CC5-9D17-B77E82052295}.Debug|Any CPU.Build.0 = Debug|Any CPU
		{1B72382A-2F43-4CC5-9D17-B77E82052295}.Release|Any CPU.ActiveCfg = Release|Any CPU
		{1B72382A-2F43-4CC5-9D17-B77E82052295}.Release|Any CPU.Build.0 = Release|Any CPU
	EndGlobalSection
	GlobalSection(SolutionProperties) = preSolution
		HideSolutionNode = FALSE
	EndGlobalSection
	GlobalSection(ExtensibilityGlobals) = postSolution
		SolutionGuid = {3AD39456-2AE7-4C55-882F-03D8EB90B83F}
	EndGlobalSection
EndGlobal
